
Microsoft Visual Studio Solution File, Format Version 12.00
# Visual Studio 2012
Project("{8BC9CEB8-8B4A-11D0-8D11-00A0C91BC942}") = "EpWinServiceAPILibrary", "EpWinServiceAPILibrary\EpWinServiceAPILibrary110.vcxproj", "{45442B55-683E-4401-AC4E-7E523B6BA0E9}"
EndProject
Global
	GlobalSection(SolutionConfigurationPlatforms) = preSolution
		Debug DLL Unicode|Win32 = Debug DLL Unicode|Win32
		Debug DLL|Win32 = Debug DLL|Win32
		Debug Unicode|Win32 = Debug Unicode|Win32
		Debug|Win32 = Debug|Win32
		Release DLL Unicode|Win32 = Release DLL Unicode|Win32
		Release DLL|Win32 = Release DLL|Win32
		Release Unicode|Win32 = Release Unicode|Win32
		Release|Win32 = Release|Win32
	EndGlobalSection
	GlobalSection(ProjectConfigurationPlatforms) = postSolution
		{45442B55-683E-4401-AC4E-7E523B6BA0E9}.Debug DLL Unicode|Win32.ActiveCfg = Debug DLL Unicode|Win32
		{45442B55-683E-4401-AC4E-7E523B6BA0E9}.Debug DLL Unicode|Win32.Build.0 = Debug DLL Unicode|Win32
		{45442B55-683E-4401-AC4E-7E523B6BA0E9}.Debug DLL|Win32.ActiveCfg = Debug DLL|Win32
		{45442B55-683E-4401-AC4E-7E523B6BA0E9}.Debug DLL|Win32.Build.0 = Debug DLL|Win32
		{45442B55-683E-4401-AC4E-7E523B6BA0E9}.Debug Unicode|Win32.ActiveCfg = Debug Unicode|Win32
		{45442B55-683E-4401-AC4E-7E523B6BA0E9}.Debug Unicode|Win32.Build.0 = Debug Unicode|Win32
		{45442B55-683E-4401-AC4E-7E523B6BA0E9}.Debug|Win32.ActiveCfg = Debug|Win32
		{45442B55-683E-4401-AC4E-7E523B6BA0E9}.Debug|Win32.Build.0 = Debug|Win32
		{45442B55-683E-4401-AC4E-7E523B6BA0E9}.Release DLL Unicode|Win32.ActiveCfg = Release DLL Unicode|Win32
		{45442B55-683E-4401-AC4E-7E523B6BA0E9}.Release DLL Unicode|Win32.Build.0 = Release DLL Unicode|Win32
		{45442B55-683E-4401-AC4E-7E523B6BA0E9}.Release DLL|Win32.ActiveCfg = Release DLL|Win32
		{45442B55-683E-4401-AC4E-7E523B6BA0E9}.Release DLL|Win32.Build.0 = Release DLL|Win32
		{45442B55-683E-4401-AC4E-7E523B6BA0E9}.Release Unicode|Win32.ActiveCfg = Release Unicode|Win32
		{45442B55-683E-4401-AC4E-7E523B6BA0E9}.Release Unicode|Win32.Build.0 = Release Unicode|Win32
		{45442B55-683E-4401-AC4E-7E523B6BA0E9}.Release|Win32.ActiveCfg = Release|Win32
		{45442B55-683E-4401-AC4E-7E523B6BA0E9}.Release|Win32.Build.0 = Release|Win32
	EndGlobalSection
	GlobalSection(SolutionProperties) = preSolution
		HideSolutionNode = FALSE
	EndGlobalSection
EndGlobal
