<?xml version="1.0" encoding="utf-8"?>
<Project ToolsVersion="4.0" xmlns="http://schemas.microsoft.com/developer/msbuild/2003">
  <ItemGroup>
    <Filter Include="Source Files">
      <UniqueIdentifier>{4FC737F1-C7A5-4376-A066-2A32D752A2FF}</UniqueIdentifier>
      <Extensions>cpp;c;cc;cxx;def;odl;idl;hpj;bat;asm;asmx</Extensions>
    </Filter>
    <Filter Include="Header Files">
      <UniqueIdentifier>{93995380-89BD-4b04-88EB-625FBE52EBFB}</UniqueIdentifier>
      <Extensions>h;hpp;hxx;hm;inl;inc;xsd</Extensions>
    </Filter>
    <Filter Include="Resource Files">
      <UniqueIdentifier>{67DA6AB6-F800-4c08-8B7A-83BB121AAD01}</UniqueIdentifier>
      <Extensions>rc;ico;cur;bmp;dlg;rc2;rct;bin;rgs;gif;jpg;jpeg;jpe;resx;tiff;tif;png;wav;mfcribbon-ms</Extensions>
    </Filter>
    <Filter Include="EpLibraryHeaders">
      <UniqueIdentifier>{786e152b-9cab-49ca-a6be-c35625993ca6}</UniqueIdentifier>
    </Filter>
    <Filter Include="EpServerEngineHeaders">
      <UniqueIdentifier>{d3895053-340f-4c5e-b9b1-dfb5aae13e7f}</UniqueIdentifier>
    </Filter>
    <Filter Include="Header Files\Accessor">
      <UniqueIdentifier>{ec49ca06-0b32-47c5-91b5-9b8e86dd809a}</UniqueIdentifier>
    </Filter>
    <Filter Include="Header Files\Client">
      <UniqueIdentifier>{62deb314-dacf-4909-88c9-dddc57ae391b}</UniqueIdentifier>
    </Filter>
    <Filter Include="Header Files\Definitions">
      <UniqueIdentifier>{49439e26-0fa6-45f9-bf06-bbc86f0ae5d0}</UniqueIdentifier>
    </Filter>
    <Filter Include="Source Files\Accessor">
      <UniqueIdentifier>{037ed348-6a59-4a5b-afc4-bb20b29391ff}</UniqueIdentifier>
    </Filter>
    <Filter Include="Source Files\Client">
      <UniqueIdentifier>{01c1f466-1b69-48b4-8642-d231e429e7b8}</UniqueIdentifier>
    </Filter>
  </ItemGroup>
  <ItemGroup>
    <ClInclude Include="EpLibraryHeaders\epAlgorithm.h">
      <Filter>EpLibraryHeaders</Filter>
    </ClInclude>
    <ClInclude Include="EpLibraryHeaders\epAssert.h">
      <Filter>EpLibraryHeaders</Filter>
    </ClInclude>
    <ClInclude Include="EpLibraryHeaders\epBaseJob.h">
      <Filter>EpLibraryHeaders</Filter>
    </ClInclude>
    <ClInclude Include="EpLibraryHeaders\epBaseJobProcessor.h">
      <Filter>EpLibraryHeaders</Filter>
    </ClInclude>
    <ClInclude Include="EpLibraryHeaders\epBaseLock.h">
      <Filter>EpLibraryHeaders</Filter>
    </ClInclude>
    <ClInclude Include="EpLibraryHeaders\epBaseOutputter.h">
      <Filter>EpLibraryHeaders</Filter>
    </ClInclude>
    <ClInclude Include="EpLibraryHeaders\epBaseWorkerThread.h">
      <Filter>EpLibraryHeaders</Filter>
    </ClInclude>
    <ClInclude Include="EpLibraryHeaders\epBinarySearch.h">
      <Filter>EpLibraryHeaders</Filter>
    </ClInclude>
    <ClInclude Include="EpLibraryHeaders\epConsoleHelper.h">
      <Filter>EpLibraryHeaders</Filter>
    </ClInclude>
    <ClInclude Include="EpLibraryHeaders\epCriticalSectionEx.h">
      <Filter>EpLibraryHeaders</Filter>
    </ClInclude>
    <ClInclude Include="EpLibraryHeaders\epCStringEx.h">
      <Filter>EpLibraryHeaders</Filter>
    </ClInclude>
    <ClInclude Include="EpLibraryHeaders\epDateTimeHelper.h">
      <Filter>EpLibraryHeaders</Filter>
    </ClInclude>
    <ClInclude Include="EpLibraryHeaders\epDelegate.h">
      <Filter>EpLibraryHeaders</Filter>
    </ClInclude>
    <ClInclude Include="EpLibraryHeaders\epDynamicArray.h">
      <Filter>EpLibraryHeaders</Filter>
    </ClInclude>
    <ClInclude Include="EpLibraryHeaders\epEndian.h">
      <Filter>EpLibraryHeaders</Filter>
    </ClInclude>
    <ClInclude Include="EpLibraryHeaders\epException.h">
      <Filter>EpLibraryHeaders</Filter>
    </ClInclude>
    <ClInclude Include="EpLibraryHeaders\epFastLog.h">
      <Filter>EpLibraryHeaders</Filter>
    </ClInclude>
    <ClInclude Include="EpLibraryHeaders\epFastSqrt.h">
      <Filter>EpLibraryHeaders</Filter>
    </ClInclude>
    <ClInclude Include="EpLibraryHeaders\epFileStream.h">
      <Filter>EpLibraryHeaders</Filter>
    </ClInclude>
    <ClInclude Include="EpLibraryHeaders\epFolderHelper.h">
      <Filter>EpLibraryHeaders</Filter>
    </ClInclude>
    <ClInclude Include="EpLibraryHeaders\epInsertionSort.h">
      <Filter>EpLibraryHeaders</Filter>
    </ClInclude>
    <ClInclude Include="EpLibraryHeaders\epInterlockedEx.h">
      <Filter>EpLibraryHeaders</Filter>
    </ClInclude>
    <ClInclude Include="EpLibraryHeaders\epJobScheduleQueue.h">
      <Filter>EpLibraryHeaders</Filter>
    </ClInclude>
    <ClInclude Include="EpLibraryHeaders\epKAryHeap.h">
      <Filter>EpLibraryHeaders</Filter>
    </ClInclude>
    <ClInclude Include="EpLibraryHeaders\epl.h">
      <Filter>EpLibraryHeaders</Filter>
    </ClInclude>
    <ClInclude Include="EpLibraryHeaders\epLib.h">
      <Filter>EpLibraryHeaders</Filter>
    </ClInclude>
    <ClInclude Include="EpLibraryHeaders\epLocale.h">
      <Filter>EpLibraryHeaders</Filter>
    </ClInclude>
    <ClInclude Include="EpLibraryHeaders\epMemory.h">
      <Filter>EpLibraryHeaders</Filter>
    </ClInclude>
    <ClInclude Include="EpLibraryHeaders\epMergeSort.h">
      <Filter>EpLibraryHeaders</Filter>
    </ClInclude>
    <ClInclude Include="EpLibraryHeaders\epMutex.h">
      <Filter>EpLibraryHeaders</Filter>
    </ClInclude>
    <ClInclude Include="EpLibraryHeaders\epNetworkStream.h">
      <Filter>EpLibraryHeaders</Filter>
    </ClInclude>
    <ClInclude Include="EpLibraryHeaders\epNoLock.h">
      <Filter>EpLibraryHeaders</Filter>
    </ClInclude>
    <ClInclude Include="EpLibraryHeaders\epPatriciaTrie.h">
      <Filter>EpLibraryHeaders</Filter>
    </ClInclude>
    <ClInclude Include="EpLibraryHeaders\epPlatform.h">
      <Filter>EpLibraryHeaders</Filter>
    </ClInclude>
    <ClInclude Include="EpLibraryHeaders\epPrimeNum.h">
      <Filter>EpLibraryHeaders</Filter>
    </ClInclude>
    <ClInclude Include="EpLibraryHeaders\epProfiler.h">
      <Filter>EpLibraryHeaders</Filter>
    </ClInclude>
    <ClInclude Include="EpLibraryHeaders\epPropertiesFile.h">
      <Filter>EpLibraryHeaders</Filter>
    </ClInclude>
    <ClInclude Include="EpLibraryHeaders\epQuickSort.h">
      <Filter>EpLibraryHeaders</Filter>
    </ClInclude>
    <ClInclude Include="EpLibraryHeaders\epRandom.h">
      <Filter>EpLibraryHeaders</Filter>
    </ClInclude>
    <ClInclude Include="EpLibraryHeaders\epRegistryHelper.h">
      <Filter>EpLibraryHeaders</Filter>
    </ClInclude>
    <ClInclude Include="EpLibraryHeaders\epSemaphore.h">
      <Filter>EpLibraryHeaders</Filter>
    </ClInclude>
    <ClInclude Include="EpLibraryHeaders\epSimpleLogger.h">
      <Filter>EpLibraryHeaders</Filter>
    </ClInclude>
    <ClInclude Include="EpLibraryHeaders\epSingletonHolder.h">
      <Filter>EpLibraryHeaders</Filter>
    </ClInclude>
    <ClInclude Include="EpLibraryHeaders\epSmartObject.h">
      <Filter>EpLibraryHeaders</Filter>
    </ClInclude>
    <ClInclude Include="EpLibraryHeaders\epStream.h">
      <Filter>EpLibraryHeaders</Filter>
    </ClInclude>
    <ClInclude Include="EpLibraryHeaders\epSystem.h">
      <Filter>EpLibraryHeaders</Filter>
    </ClInclude>
    <ClInclude Include="EpLibraryHeaders\epTaskbarNotifier.h">
      <Filter>EpLibraryHeaders</Filter>
    </ClInclude>
    <ClInclude Include="EpLibraryHeaders\epTextFile.h">
      <Filter>EpLibraryHeaders</Filter>
    </ClInclude>
    <ClInclude Include="EpLibraryHeaders\epThread.h">
      <Filter>EpLibraryHeaders</Filter>
    </ClInclude>
    <ClInclude Include="EpLibraryHeaders\epThreadSafeClass.h">
      <Filter>EpLibraryHeaders</Filter>
    </ClInclude>
    <ClInclude Include="EpLibraryHeaders\epThreadSafePQueue.h">
      <Filter>EpLibraryHeaders</Filter>
    </ClInclude>
    <ClInclude Include="EpLibraryHeaders\epThreadSafeQueue.h">
      <Filter>EpLibraryHeaders</Filter>
    </ClInclude>
    <ClInclude Include="EpLibraryHeaders\epTinyObject.h">
      <Filter>EpLibraryHeaders</Filter>
    </ClInclude>
    <ClInclude Include="EpLibraryHeaders\epWinProcessHelper.h">
      <Filter>EpLibraryHeaders</Filter>
    </ClInclude>
    <ClInclude Include="EpLibraryHeaders\epWorkerThreadDelegate.h">
      <Filter>EpLibraryHeaders</Filter>
    </ClInclude>
    <ClInclude Include="EpLibraryHeaders\epWorkerThreadFactory.h">
      <Filter>EpLibraryHeaders</Filter>
    </ClInclude>
    <ClInclude Include="EpLibraryHeaders\epWorkerThreadInfinite.h">
      <Filter>EpLibraryHeaders</Filter>
    </ClInclude>
    <ClInclude Include="EpLibraryHeaders\epWorkerThreadSingle.h">
      <Filter>EpLibraryHeaders</Filter>
    </ClInclude>
    <ClInclude Include="EpLibraryHeaders\epXMLFile.h">
      <Filter>EpLibraryHeaders</Filter>
    </ClInclude>
    <ClInclude Include="EpLibraryHeaders\epXMLite.h">
      <Filter>EpLibraryHeaders</Filter>
    </ClInclude>
    <ClInclude Include="EpServerEngineHeaders\epBaseClient.h">
      <Filter>EpServerEngineHeaders</Filter>
    </ClInclude>
    <ClInclude Include="EpServerEngineHeaders\epBaseClientUDP.h">
      <Filter>EpServerEngineHeaders</Filter>
    </ClInclude>
    <ClInclude Include="EpServerEngineHeaders\epBasePacketParser.h">
      <Filter>EpServerEngineHeaders</Filter>
    </ClInclude>
    <ClInclude Include="EpServerEngineHeaders\epBaseServer.h">
      <Filter>EpServerEngineHeaders</Filter>
    </ClInclude>
    <ClInclude Include="EpServerEngineHeaders\epBaseServerObject.h">
      <Filter>EpServerEngineHeaders</Filter>
    </ClInclude>
    <ClInclude Include="EpServerEngineHeaders\epBaseServerSendObject.h">
      <Filter>EpServerEngineHeaders</Filter>
    </ClInclude>
    <ClInclude Include="EpServerEngineHeaders\epBaseServerUDP.h">
      <Filter>EpServerEngineHeaders</Filter>
    </ClInclude>
    <ClInclude Include="EpServerEngineHeaders\epBaseServerWorker.h">
      <Filter>EpServerEngineHeaders</Filter>
    </ClInclude>
    <ClInclude Include="EpServerEngineHeaders\epBaseServerWorkerUDP.h">
      <Filter>EpServerEngineHeaders</Filter>
    </ClInclude>
    <ClInclude Include="EpServerEngineHeaders\epPacket.h">
      <Filter>EpServerEngineHeaders</Filter>
    </ClInclude>
    <ClInclude Include="EpServerEngineHeaders\epPacketContainer.h">
      <Filter>EpServerEngineHeaders</Filter>
    </ClInclude>
    <ClInclude Include="EpServerEngineHeaders\epParserList.h">
      <Filter>EpServerEngineHeaders</Filter>
    </ClInclude>
    <ClInclude Include="EpServerEngineHeaders\epse.h">
      <Filter>EpServerEngineHeaders</Filter>
    </ClInclude>
    <ClInclude Include="EpServerEngineHeaders\epServerConf.h">
      <Filter>EpServerEngineHeaders</Filter>
    </ClInclude>
    <ClInclude Include="EpServerEngineHeaders\epServerEngine.h">
      <Filter>EpServerEngineHeaders</Filter>
    </ClInclude>
    <ClInclude Include="EpServerEngineHeaders\epServerObjectList.h">
      <Filter>EpServerEngineHeaders</Filter>
    </ClInclude>
    <ClInclude Include="Headers\epWinServiceAPILibrary.h">
      <Filter>Header Files</Filter>
    </ClInclude>
    <ClInclude Include="Headers\epws.h">
      <Filter>Header Files</Filter>
    </ClInclude>
    <ClInclude Include="Headers\epWinServiceCommunicator.h">
      <Filter>Header Files\Accessor</Filter>
    </ClInclude>
    <ClInclude Include="Headers\epWinServicePacketGenerator.h">
      <Filter>Header Files\Accessor</Filter>
    </ClInclude>
    <ClInclude Include="Headers\epWinServiceResult.h">
      <Filter>Header Files\Accessor</Filter>
    </ClInclude>
    <ClInclude Include="Headers\epWinServiceResultInfo.h">
      <Filter>Header Files\Accessor</Filter>
    </ClInclude>
    <ClInclude Include="Headers\epWinServiceClient.h">
      <Filter>Header Files\Client</Filter>
    </ClInclude>
    <ClInclude Include="Headers\epWinServicePacketProcessor.h">
      <Filter>Header Files\Client</Filter>
    </ClInclude>
    <ClInclude Include="Headers\epWinServiceClientPacketInfo.h">
      <Filter>Header Files\Definitions</Filter>
    </ClInclude>
    <ClInclude Include="Headers\epWinServiceDefines.h">
      <Filter>Header Files\Definitions</Filter>
    </ClInclude>
    <ClInclude Include="Headers\epWinServiceInfoStruct.h">
      <Filter>Header Files\Definitions</Filter>
    </ClInclude>
    <ClInclude Include="EpLibraryHeaders\epBaseTextFile.h">
      <Filter>EpLibraryHeaders</Filter>
    </ClInclude>
  </ItemGroup>
  <ItemGroup>
    <None Include="..\LICENSE">
      <Filter>Resource Files</Filter>
    </None>
  </ItemGroup>
  <ItemGroup>
    <ClCompile Include="Sources\epWinServiceCommunicator.cpp">
      <Filter>Source Files\Accessor</Filter>
    </ClCompile>
    <ClCompile Include="Sources\epWinServicePacketGenerator.cpp">
      <Filter>Source Files\Accessor</Filter>
    </ClCompile>
    <ClCompile Include="Sources\epWinServiceResult.cpp">
      <Filter>Source Files\Accessor</Filter>
    </ClCompile>
    <ClCompile Include="Sources\epWinServiceResultInfo.cpp">
      <Filter>Source Files\Accessor</Filter>
    </ClCompile>
    <ClCompile Include="Sources\epWinServiceClient.cpp">
      <Filter>Source Files\Client</Filter>
    </ClCompile>
    <ClCompile Include="Sources\epWinServicePacketProcessor.cpp">
      <Filter>Source Files\Client</Filter>
    </ClCompile>
  </ItemGroup>
</Project>