<?xml version="1.0" encoding="utf-8"?>
<Project ToolsVersion="4.0" xmlns="http://schemas.microsoft.com/developer/msbuild/2003">
  <ItemGroup>
    <Filter Include="Source Files">
      <UniqueIdentifier>{4FC737F1-C7A5-4376-A066-2A32D752A2FF}</UniqueIdentifier>
      <Extensions>cpp;c;cc;cxx;def;odl;idl;hpj;bat;asm;asmx</Extensions>
    </Filter>
    <Filter Include="Header Files">
      <UniqueIdentifier>{93995380-89BD-4b04-88EB-625FBE52EBFB}</UniqueIdentifier>
      <Extensions>h;hpp;hxx;hm;inl;inc;xsd</Extensions>
    </Filter>
    <Filter Include="Resource Files">
      <UniqueIdentifier>{67DA6AB6-F800-4c08-8B7A-83BB121AAD01}</UniqueIdentifier>
      <Extensions>rc;ico;cur;bmp;dlg;rc2;rct;bin;rgs;gif;jpg;jpeg;jpe;resx;tiff;tif;png;wav;mfcribbon-ms</Extensions>
    </Filter>
    <Filter Include="Core">
      <UniqueIdentifier>{4b4a5d08-5a76-4031-9532-2a5044f4a17e}</UniqueIdentifier>
    </Filter>
    <Filter Include="AdminServer">
      <UniqueIdentifier>{a57d1746-9746-477f-a81b-e49ea7e8abda}</UniqueIdentifier>
    </Filter>
    <Filter Include="EpLibraryHeaders">
      <UniqueIdentifier>{00895789-eb33-4003-8a70-2b1c0aaf09b7}</UniqueIdentifier>
    </Filter>
    <Filter Include="EpServerEngineHeaders">
      <UniqueIdentifier>{fef9e155-7727-4b5d-a610-f32ca78fe4ac}</UniqueIdentifier>
    </Filter>
    <Filter Include="Core\Management">
      <UniqueIdentifier>{f57f9751-579e-4214-be4c-e2bfb54602ad}</UniqueIdentifier>
    </Filter>
    <Filter Include="Core\Management\ProcessManagement">
      <UniqueIdentifier>{b99875c3-a30e-4cc7-a765-b52b3f37d3ee}</UniqueIdentifier>
    </Filter>
    <Filter Include="Core\Management\ServiceManagement">
      <UniqueIdentifier>{571ee094-5925-4912-9ca2-c556b3066094}</UniqueIdentifier>
    </Filter>
    <Filter Include="Core\Management\DeployManagement">
      <UniqueIdentifier>{bcb87574-fbdf-435b-a28b-779659e72220}</UniqueIdentifier>
    </Filter>
  </ItemGroup>
  <ItemGroup>
    <ClCompile Include="stdafx.cpp">
      <Filter>Source Files</Filter>
    </ClCompile>
    <ClCompile Include="EpWinService.cpp">
      <Filter>Source Files</Filter>
    </ClCompile>
    <ClCompile Include="Core\epServiceManager.cpp">
      <Filter>Core</Filter>
    </ClCompile>
    <ClCompile Include="Core\epServiceProperties.cpp">
      <Filter>Core</Filter>
    </ClCompile>
    <ClCompile Include="AdminServer\epAdminServer.cpp">
      <Filter>AdminServer</Filter>
    </ClCompile>
    <ClCompile Include="AdminServer\epAdminServerPacketParser.cpp">
      <Filter>AdminServer</Filter>
    </ClCompile>
    <ClCompile Include="AdminServer\epAdminServerProcessor.cpp">
      <Filter>AdminServer</Filter>
    </ClCompile>
    <ClCompile Include="AdminServer\epAdminServerWorker.cpp">
      <Filter>AdminServer</Filter>
    </ClCompile>
    <ClCompile Include="Core\epProcessHandler.cpp">
      <Filter>Core\Management\ProcessManagement</Filter>
    </ClCompile>
    <ClCompile Include="Core\epProcessObject.cpp">
      <Filter>Core\Management\ProcessManagement</Filter>
    </ClCompile>
    <ClCompile Include="Core\epServiceHandler.cpp">
      <Filter>Core\Management\ServiceManagement</Filter>
    </ClCompile>
    <ClCompile Include="Core\epBaseManagementObject.cpp">
      <Filter>Core\Management</Filter>
    </ClCompile>
    <ClCompile Include="Core\epServiceObject.cpp">
      <Filter>Core\Management\ServiceManagement</Filter>
    </ClCompile>
    <ClCompile Include="Core\epBaseDeployObject.cpp">
      <Filter>Core\Management\DeployManagement</Filter>
    </ClCompile>
    <ClCompile Include="Core\epSvnDeployObject.cpp">
      <Filter>Core\Management\DeployManagement</Filter>
    </ClCompile>
  </ItemGroup>
  <ItemGroup>
    <ClInclude Include="stdafx.h">
      <Filter>Header Files</Filter>
    </ClInclude>
    <ClInclude Include="targetver.h">
      <Filter>Header Files</Filter>
    </ClInclude>
    <ClInclude Include="Core\epServiceManager.h">
      <Filter>Core</Filter>
    </ClInclude>
    <ClInclude Include="Core\epServiceProperties.h">
      <Filter>Core</Filter>
    </ClInclude>
    <ClInclude Include="AdminServer\epAdminServer.h">
      <Filter>AdminServer</Filter>
    </ClInclude>
    <ClInclude Include="AdminServer\epAdminServerPacketInfo.h">
      <Filter>AdminServer</Filter>
    </ClInclude>
    <ClInclude Include="AdminServer\epAdminServerPacketParser.h">
      <Filter>AdminServer</Filter>
    </ClInclude>
    <ClInclude Include="AdminServer\epAdminServerProcessor.h">
      <Filter>AdminServer</Filter>
    </ClInclude>
    <ClInclude Include="AdminServer\epAdminServerWorker.h">
      <Filter>AdminServer</Filter>
    </ClInclude>
    <ClInclude Include="EpLibraryHeaders\epAlgorithm.h">
      <Filter>EpLibraryHeaders</Filter>
    </ClInclude>
    <ClInclude Include="EpLibraryHeaders\epAssert.h">
      <Filter>EpLibraryHeaders</Filter>
    </ClInclude>
    <ClInclude Include="EpLibraryHeaders\epBaseJob.h">
      <Filter>EpLibraryHeaders</Filter>
    </ClInclude>
    <ClInclude Include="EpLibraryHeaders\epBaseJobProcessor.h">
      <Filter>EpLibraryHeaders</Filter>
    </ClInclude>
    <ClInclude Include="EpLibraryHeaders\epBaseLock.h">
      <Filter>EpLibraryHeaders</Filter>
    </ClInclude>
    <ClInclude Include="EpLibraryHeaders\epBaseOutputter.h">
      <Filter>EpLibraryHeaders</Filter>
    </ClInclude>
    <ClInclude Include="EpLibraryHeaders\epBaseWorkerThread.h">
      <Filter>EpLibraryHeaders</Filter>
    </ClInclude>
    <ClInclude Include="EpLibraryHeaders\epBinarySearch.h">
      <Filter>EpLibraryHeaders</Filter>
    </ClInclude>
    <ClInclude Include="EpLibraryHeaders\epConsoleHelper.h">
      <Filter>EpLibraryHeaders</Filter>
    </ClInclude>
    <ClInclude Include="EpLibraryHeaders\epCriticalSectionEx.h">
      <Filter>EpLibraryHeaders</Filter>
    </ClInclude>
    <ClInclude Include="EpLibraryHeaders\epCStringEx.h">
      <Filter>EpLibraryHeaders</Filter>
    </ClInclude>
    <ClInclude Include="EpLibraryHeaders\epDateTimeHelper.h">
      <Filter>EpLibraryHeaders</Filter>
    </ClInclude>
    <ClInclude Include="EpLibraryHeaders\epDelegate.h">
      <Filter>EpLibraryHeaders</Filter>
    </ClInclude>
    <ClInclude Include="EpLibraryHeaders\epDynamicArray.h">
      <Filter>EpLibraryHeaders</Filter>
    </ClInclude>
    <ClInclude Include="EpLibraryHeaders\epEndian.h">
      <Filter>EpLibraryHeaders</Filter>
    </ClInclude>
    <ClInclude Include="EpLibraryHeaders\epException.h">
      <Filter>EpLibraryHeaders</Filter>
    </ClInclude>
    <ClInclude Include="EpLibraryHeaders\epFastLog.h">
      <Filter>EpLibraryHeaders</Filter>
    </ClInclude>
    <ClInclude Include="EpLibraryHeaders\epFastSqrt.h">
      <Filter>EpLibraryHeaders</Filter>
    </ClInclude>
    <ClInclude Include="EpLibraryHeaders\epFileStream.h">
      <Filter>EpLibraryHeaders</Filter>
    </ClInclude>
    <ClInclude Include="EpLibraryHeaders\epFolderHelper.h">
      <Filter>EpLibraryHeaders</Filter>
    </ClInclude>
    <ClInclude Include="EpLibraryHeaders\epInsertionSort.h">
      <Filter>EpLibraryHeaders</Filter>
    </ClInclude>
    <ClInclude Include="EpLibraryHeaders\epInterlockedEx.h">
      <Filter>EpLibraryHeaders</Filter>
    </ClInclude>
    <ClInclude Include="EpLibraryHeaders\epJobScheduleQueue.h">
      <Filter>EpLibraryHeaders</Filter>
    </ClInclude>
    <ClInclude Include="EpLibraryHeaders\epKAryHeap.h">
      <Filter>EpLibraryHeaders</Filter>
    </ClInclude>
    <ClInclude Include="EpLibraryHeaders\epl.h">
      <Filter>EpLibraryHeaders</Filter>
    </ClInclude>
    <ClInclude Include="EpLibraryHeaders\epLib.h">
      <Filter>EpLibraryHeaders</Filter>
    </ClInclude>
    <ClInclude Include="EpLibraryHeaders\epLocale.h">
      <Filter>EpLibraryHeaders</Filter>
    </ClInclude>
    <ClInclude Include="EpLibraryHeaders\epMemory.h">
      <Filter>EpLibraryHeaders</Filter>
    </ClInclude>
    <ClInclude Include="EpLibraryHeaders\epMergeSort.h">
      <Filter>EpLibraryHeaders</Filter>
    </ClInclude>
    <ClInclude Include="EpLibraryHeaders\epMutex.h">
      <Filter>EpLibraryHeaders</Filter>
    </ClInclude>
    <ClInclude Include="EpLibraryHeaders\epNetworkStream.h">
      <Filter>EpLibraryHeaders</Filter>
    </ClInclude>
    <ClInclude Include="EpLibraryHeaders\epNoLock.h">
      <Filter>EpLibraryHeaders</Filter>
    </ClInclude>
    <ClInclude Include="EpLibraryHeaders\epPatriciaTrie.h">
      <Filter>EpLibraryHeaders</Filter>
    </ClInclude>
    <ClInclude Include="EpLibraryHeaders\epPlatform.h">
      <Filter>EpLibraryHeaders</Filter>
    </ClInclude>
    <ClInclude Include="EpLibraryHeaders\epPrimeNum.h">
      <Filter>EpLibraryHeaders</Filter>
    </ClInclude>
    <ClInclude Include="EpLibraryHeaders\epProfiler.h">
      <Filter>EpLibraryHeaders</Filter>
    </ClInclude>
    <ClInclude Include="EpLibraryHeaders\epPropertiesFile.h">
      <Filter>EpLibraryHeaders</Filter>
    </ClInclude>
    <ClInclude Include="EpLibraryHeaders\epQuickSort.h">
      <Filter>EpLibraryHeaders</Filter>
    </ClInclude>
    <ClInclude Include="EpLibraryHeaders\epRandom.h">
      <Filter>EpLibraryHeaders</Filter>
    </ClInclude>
    <ClInclude Include="EpLibraryHeaders\epRegistryHelper.h">
      <Filter>EpLibraryHeaders</Filter>
    </ClInclude>
    <ClInclude Include="EpLibraryHeaders\epSemaphore.h">
      <Filter>EpLibraryHeaders</Filter>
    </ClInclude>
    <ClInclude Include="EpLibraryHeaders\epSimpleLogger.h">
      <Filter>EpLibraryHeaders</Filter>
    </ClInclude>
    <ClInclude Include="EpLibraryHeaders\epSingletonHolder.h">
      <Filter>EpLibraryHeaders</Filter>
    </ClInclude>
    <ClInclude Include="EpLibraryHeaders\epSmartObject.h">
      <Filter>EpLibraryHeaders</Filter>
    </ClInclude>
    <ClInclude Include="EpLibraryHeaders\epStream.h">
      <Filter>EpLibraryHeaders</Filter>
    </ClInclude>
    <ClInclude Include="EpLibraryHeaders\epSystem.h">
      <Filter>EpLibraryHeaders</Filter>
    </ClInclude>
    <ClInclude Include="EpLibraryHeaders\epTaskbarNotifier.h">
      <Filter>EpLibraryHeaders</Filter>
    </ClInclude>
    <ClInclude Include="EpLibraryHeaders\epTextFile.h">
      <Filter>EpLibraryHeaders</Filter>
    </ClInclude>
    <ClInclude Include="EpLibraryHeaders\epThread.h">
      <Filter>EpLibraryHeaders</Filter>
    </ClInclude>
    <ClInclude Include="EpLibraryHeaders\epThreadSafeClass.h">
      <Filter>EpLibraryHeaders</Filter>
    </ClInclude>
    <ClInclude Include="EpLibraryHeaders\epThreadSafePQueue.h">
      <Filter>EpLibraryHeaders</Filter>
    </ClInclude>
    <ClInclude Include="EpLibraryHeaders\epThreadSafeQueue.h">
      <Filter>EpLibraryHeaders</Filter>
    </ClInclude>
    <ClInclude Include="EpLibraryHeaders\epTinyObject.h">
      <Filter>EpLibraryHeaders</Filter>
    </ClInclude>
    <ClInclude Include="EpLibraryHeaders\epWinProcessHelper.h">
      <Filter>EpLibraryHeaders</Filter>
    </ClInclude>
    <ClInclude Include="EpLibraryHeaders\epWorkerThreadDelegate.h">
      <Filter>EpLibraryHeaders</Filter>
    </ClInclude>
    <ClInclude Include="EpLibraryHeaders\epWorkerThreadFactory.h">
      <Filter>EpLibraryHeaders</Filter>
    </ClInclude>
    <ClInclude Include="EpLibraryHeaders\epWorkerThreadInfinite.h">
      <Filter>EpLibraryHeaders</Filter>
    </ClInclude>
    <ClInclude Include="EpLibraryHeaders\epWorkerThreadSingle.h">
      <Filter>EpLibraryHeaders</Filter>
    </ClInclude>
    <ClInclude Include="EpLibraryHeaders\epXMLFile.h">
      <Filter>EpLibraryHeaders</Filter>
    </ClInclude>
    <ClInclude Include="EpLibraryHeaders\epXMLite.h">
      <Filter>EpLibraryHeaders</Filter>
    </ClInclude>
    <ClInclude Include="EpServerEngineHeaders\epBaseClient.h">
      <Filter>EpServerEngineHeaders</Filter>
    </ClInclude>
    <ClInclude Include="EpServerEngineHeaders\epBaseClientUDP.h">
      <Filter>EpServerEngineHeaders</Filter>
    </ClInclude>
    <ClInclude Include="EpServerEngineHeaders\epBasePacketParser.h">
      <Filter>EpServerEngineHeaders</Filter>
    </ClInclude>
    <ClInclude Include="EpServerEngineHeaders\epBaseServer.h">
      <Filter>EpServerEngineHeaders</Filter>
    </ClInclude>
    <ClInclude Include="EpServerEngineHeaders\epBaseServerObject.h">
      <Filter>EpServerEngineHeaders</Filter>
    </ClInclude>
    <ClInclude Include="EpServerEngineHeaders\epBaseServerSendObject.h">
      <Filter>EpServerEngineHeaders</Filter>
    </ClInclude>
    <ClInclude Include="EpServerEngineHeaders\epBaseServerUDP.h">
      <Filter>EpServerEngineHeaders</Filter>
    </ClInclude>
    <ClInclude Include="EpServerEngineHeaders\epBaseServerWorker.h">
      <Filter>EpServerEngineHeaders</Filter>
    </ClInclude>
    <ClInclude Include="EpServerEngineHeaders\epBaseServerWorkerUDP.h">
      <Filter>EpServerEngineHeaders</Filter>
    </ClInclude>
    <ClInclude Include="EpServerEngineHeaders\epPacket.h">
      <Filter>EpServerEngineHeaders</Filter>
    </ClInclude>
    <ClInclude Include="EpServerEngineHeaders\epPacketContainer.h">
      <Filter>EpServerEngineHeaders</Filter>
    </ClInclude>
    <ClInclude Include="EpServerEngineHeaders\epse.h">
      <Filter>EpServerEngineHeaders</Filter>
    </ClInclude>
    <ClInclude Include="EpServerEngineHeaders\epServerConf.h">
      <Filter>EpServerEngineHeaders</Filter>
    </ClInclude>
    <ClInclude Include="EpServerEngineHeaders\epServerEngine.h">
      <Filter>EpServerEngineHeaders</Filter>
    </ClInclude>
    <ClInclude Include="EpServerEngineHeaders\epServerObjectList.h">
      <Filter>EpServerEngineHeaders</Filter>
    </ClInclude>
    <ClInclude Include="Core\epProcessHandler.h">
      <Filter>Core\Management\ProcessManagement</Filter>
    </ClInclude>
    <ClInclude Include="Core\epProcessObject.h">
      <Filter>Core\Management\ProcessManagement</Filter>
    </ClInclude>
    <ClInclude Include="Core\epServiceDefines.h">
      <Filter>Core\Management\ServiceManagement</Filter>
    </ClInclude>
    <ClInclude Include="Core\epServiceHandler.h">
      <Filter>Core\Management\ServiceManagement</Filter>
    </ClInclude>
    <ClInclude Include="Core\epBaseManagementObject.h">
      <Filter>Core\Management</Filter>
    </ClInclude>
    <ClInclude Include="Core\epServiceObject.h">
      <Filter>Core\Management\ServiceManagement</Filter>
    </ClInclude>
    <ClInclude Include="EpLibraryHeaders\epBaseTextFile.h">
      <Filter>EpLibraryHeaders</Filter>
    </ClInclude>
    <ClInclude Include="EpServerEngineHeaders\epBaseClientManual.h">
      <Filter>EpServerEngineHeaders</Filter>
    </ClInclude>
    <ClInclude Include="EpServerEngineHeaders\epBaseClientUDPManual.h">
      <Filter>EpServerEngineHeaders</Filter>
    </ClInclude>
    <ClInclude Include="EpServerEngineHeaders\epParserList.h">
      <Filter>EpServerEngineHeaders</Filter>
    </ClInclude>
    <ClInclude Include="EpLibraryHeaders\epCmdLineOptions.h">
      <Filter>EpLibraryHeaders</Filter>
    </ClInclude>
    <ClInclude Include="EpLibraryHeaders\epEventEx.h">
      <Filter>EpLibraryHeaders</Filter>
    </ClInclude>
    <ClInclude Include="EpServerEngineHeaders\epServerObjectRemover.h">
      <Filter>EpServerEngineHeaders</Filter>
    </ClInclude>
    <ClInclude Include="EpLibraryHeaders\epLogWriter.h">
      <Filter>EpLibraryHeaders</Filter>
    </ClInclude>
    <ClInclude Include="EpLibraryHeaders\epBinaryFile.h">
      <Filter>EpLibraryHeaders</Filter>
    </ClInclude>
    <ClInclude Include="EpLibraryHeaders\epIpcClient.h">
      <Filter>EpLibraryHeaders</Filter>
    </ClInclude>
    <ClInclude Include="EpLibraryHeaders\epIpcClientInterfaces.h">
      <Filter>EpLibraryHeaders</Filter>
    </ClInclude>
    <ClInclude Include="EpLibraryHeaders\epIpcConf.h">
      <Filter>EpLibraryHeaders</Filter>
    </ClInclude>
    <ClInclude Include="EpLibraryHeaders\epIpcPipe.h">
      <Filter>EpLibraryHeaders</Filter>
    </ClInclude>
    <ClInclude Include="EpLibraryHeaders\epIpcServer.h">
      <Filter>EpLibraryHeaders</Filter>
    </ClInclude>
    <ClInclude Include="EpLibraryHeaders\epIpcServerInterfaces.h">
      <Filter>EpLibraryHeaders</Filter>
    </ClInclude>
    <ClInclude Include="Core\epBaseDeployObject.h">
      <Filter>Core\Management\DeployManagement</Filter>
    </ClInclude>
    <ClInclude Include="Core\epSvnDeployObject.h">
      <Filter>Core\Management\DeployManagement</Filter>
    </ClInclude>
    <ClInclude Include="EpLibraryHeaders\epWinResizer.h">
      <Filter>EpLibraryHeaders</Filter>
    </ClInclude>
    <ClInclude Include="EpLibraryHeaders\epCoroutine.h">
      <Filter>EpLibraryHeaders</Filter>
    </ClInclude>
  </ItemGroup>
  <ItemGroup>
    <None Include="..\LICENSE">
      <Filter>Resource Files</Filter>
    </None>
  </ItemGroup>
</Project>